
Microsoft Visual Studio Solution File, Format Version 12.00
# Visual Studio Version 17
VisualStudioVersion = 17.8.34330.188
MinimumVisualStudioVersion = 10.0.40219.1
Project("{9A19103F-16F7-4668-BE54-9A1E7A4F7556}") = "yenideneme", "yenideneme\yenideneme.csproj", "{AAF69EF9-EFA5-4FF0-A81A-94EBC617605D}"
EndProject
Global
	GlobalSection(SolutionConfigurationPlatforms) = preSolution
		Debug|Any CPU = Debug|Any CPU
		Release|Any CPU = Release|Any CPU
	EndGlobalSection
	GlobalSection(ProjectConfigurationPlatforms) = postSolution
		{AAF69EF9-EFA5-4FF0-A81A-94EBC617605D}.Debug|Any CPU.ActiveCfg = Debug|Any CPU
		{AAF69EF9-EFA5-4FF0-A81A-94EBC617605D}.Debug|Any CPU.Build.0 = Debug|Any CPU
		{AAF69EF9-EFA5-4FF0-A81A-94EBC617605D}.Release|Any CPU.ActiveCfg = Release|Any CPU
		{AAF69EF9-EFA5-4FF0-A81A-94EBC617605D}.Release|Any CPU.Build.0 = Release|Any CPU
	EndGlobalSection
	GlobalSection(SolutionProperties) = preSolution
		HideSolutionNode = FALSE
	EndGlobalSection
	GlobalSection(ExtensibilityGlobals) = postSolution
		SolutionGuid = {4C44E67E-6938-4454-A1C1-ECAC41584AB8}
	EndGlobalSection
EndGlobal
